
Microsoft Visual Studio Solution File, Format Version 12.00
# Visual Studio 15
VisualStudioVersion = 15.0.27703.2035
MinimumVisualStudioVersion = 10.0.40219.1
Project("{FAE04EC0-301F-11D3-BF4B-00C04F79EFBC}") = "shejimos", "shejimos\shejimos.csproj", "{121CB3FC-1EDA-4D71-A532-F7B45A0EBEEB}"
EndProject
Global
	GlobalSection(SolutionConfigurationPlatforms) = preSolution
		Debug|Any CPU = Debug|Any CPU
		Release|Any CPU = Release|Any CPU
	EndGlobalSection
	GlobalSection(ProjectConfigurationPlatforms) = postSolution
		{121CB3FC-1EDA-4D71-A532-F7B45A0EBEEB}.Debug|Any CPU.ActiveCfg = Debug|Any CPU
		{121CB3FC-1EDA-4D71-A532-F7B45A0EBEEB}.Debug|Any CPU.Build.0 = Debug|Any CPU
		{121CB3FC-1EDA-4D71-A532-F7B45A0EBEEB}.Release|Any CPU.ActiveCfg = Release|Any CPU
		{121CB3FC-1EDA-4D71-A532-F7B45A0EBEEB}.Release|Any CPU.Build.0 = Release|Any CPU
	EndGlobalSection
	GlobalSection(SolutionProperties) = preSolution
		HideSolutionNode = FALSE
	EndGlobalSection
	GlobalSection(ExtensibilityGlobals) = postSolution
		SolutionGuid = {F67BDDD3-5F35-4A5E-B446-232C0B58C175}
	EndGlobalSection
EndGlobal
